
Microsoft Visual Studio Solution File, Format Version 12.00
# Visual Studio Version 16
VisualStudioVersion = 16.0.31129.286
MinimumVisualStudioVersion = 10.0.40219.1
Project("{FAE04EC0-301F-11D3-BF4B-00C04F79EFBC}") = "IR Task 1", "IR Task 1.csproj", "{8BDBB1B7-602A-4557-9EF8-BB73E96AB18C}"
EndProject
Global
	GlobalSection(SolutionConfigurationPlatforms) = preSolution
		Debug|Any CPU = Debug|Any CPU
		Release|Any CPU = Release|Any CPU
	EndGlobalSection
	GlobalSection(ProjectConfigurationPlatforms) = postSolution
		{8BDBB1B7-602A-4557-9EF8-BB73E96AB18C}.Debug|Any CPU.ActiveCfg = Debug|Any CPU
		{8BDBB1B7-602A-4557-9EF8-BB73E96AB18C}.Debug|Any CPU.Build.0 = Debug|Any CPU
		{8BDBB1B7-602A-4557-9EF8-BB73E96AB18C}.Release|Any CPU.ActiveCfg = Release|Any CPU
		{8BDBB1B7-602A-4557-9EF8-BB73E96AB18C}.Release|Any CPU.Build.0 = Release|Any CPU
	EndGlobalSection
	GlobalSection(SolutionProperties) = preSolution
		HideSolutionNode = FALSE
	EndGlobalSection
	GlobalSection(ExtensibilityGlobals) = postSolution
		SolutionGuid = {81736B00-AD17-454E-8D06-DCB35B800DA6}
	EndGlobalSection
EndGlobal
